
Microsoft Visual Studio Solution File, Format Version 12.00
# Visual Studio 15
VisualStudioVersion = 15.0.26124.0
MinimumVisualStudioVersion = 15.0.26124.0
Project("{FAE04EC0-301F-11D3-BF4B-00C04F79EFBC}") = "JwtTester.Application", "src\JwtTester.Application\JwtTester.Application.csproj", "{9328EBB4-755A-48EE-8335-A714E2C21030}"
EndProject
Global
	GlobalSection(SolutionConfigurationPlatforms) = preSolution
		Debug|Any CPU = Debug|Any CPU
		Debug|x64 = Debug|x64
		Debug|x86 = Debug|x86
		Release|Any CPU = Release|Any CPU
		Release|x64 = Release|x64
		Release|x86 = Release|x86
	EndGlobalSection
	GlobalSection(ProjectConfigurationPlatforms) = postSolution
		{9328EBB4-755A-48EE-8335-A714E2C21030}.Debug|Any CPU.ActiveCfg = Debug|Any CPU
		{9328EBB4-755A-48EE-8335-A714E2C21030}.Debug|Any CPU.Build.0 = Debug|Any CPU
		{9328EBB4-755A-48EE-8335-A714E2C21030}.Debug|x64.ActiveCfg = Debug|Any CPU
		{9328EBB4-755A-48EE-8335-A714E2C21030}.Debug|x64.Build.0 = Debug|Any CPU
		{9328EBB4-755A-48EE-8335-A714E2C21030}.Debug|x86.ActiveCfg = Debug|Any CPU
		{9328EBB4-755A-48EE-8335-A714E2C21030}.Debug|x86.Build.0 = Debug|Any CPU
		{9328EBB4-755A-48EE-8335-A714E2C21030}.Release|Any CPU.ActiveCfg = Release|Any CPU
		{9328EBB4-755A-48EE-8335-A714E2C21030}.Release|Any CPU.Build.0 = Release|Any CPU
		{9328EBB4-755A-48EE-8335-A714E2C21030}.Release|x64.ActiveCfg = Release|Any CPU
		{9328EBB4-755A-48EE-8335-A714E2C21030}.Release|x64.Build.0 = Release|Any CPU
		{9328EBB4-755A-48EE-8335-A714E2C21030}.Release|x86.ActiveCfg = Release|Any CPU
		{9328EBB4-755A-48EE-8335-A714E2C21030}.Release|x86.Build.0 = Release|Any CPU
	EndGlobalSection
	GlobalSection(SolutionProperties) = preSolution
		HideSolutionNode = FALSE
	EndGlobalSection
	GlobalSection(ExtensibilityGlobals) = postSolution
		SolutionGuid = {399A66B9-C415-4988-BF66-33D69947003D}
	EndGlobalSection
EndGlobal
